Microsoft Visual Studio Solution File, Format Version 12.00
# Visual Studio 15
VisualStudioVersion = 15.0.27703.2042
MinimumVisualStudioVersion = 10.0.40219.1
Project("{FAE04EC0-301F-11D3-BF4B-00C04F79EFBC}") = "RxUIForms.Android", "RxUIForms.Android\RxUIForms.Android.csproj", "{6716C033-F9E1-4F46-AA25-EBAE47668E27}"
EndProject
Project("{FAE04EC0-301F-11D3-BF4B-00C04F79EFBC}") = "RxUIForms.iOS", "RxUIForms.iOS\RxUIForms.iOS.csproj", "{5DEBE837-EEFA-4B53-A7C0-9671F15C1CBA}"
EndProject
Project("{9A19103F-16F7-4668-BE54-9A1E7A4F7556}") = "RxUIForms", "RxUIForms\RxUIForms.csproj", "{7E5C027E-0C83-4109-A4FE-7B546B02BBB6}"
EndProject
Global
	GlobalSection(SolutionConfigurationPlatforms) = preSolution
		Ad-Hoc|Any CPU = Ad-Hoc|Any CPU
		Ad-Hoc|iPhone = Ad-Hoc|iPhone
		Ad-Hoc|iPhoneSimulator = Ad-Hoc|iPhoneSimulator
		AppStore|Any CPU = AppStore|Any CPU
		AppStore|iPhone = AppStore|iPhone
		AppStore|iPhoneSimulator = AppStore|iPhoneSimulator
		Debug|Any CPU = Debug|Any CPU
		Debug|iPhone = Debug|iPhone
		Debug|iPhoneSimulator = Debug|iPhoneSimulator
		Release|Any CPU = Release|Any CPU
		Release|iPhone = Release|iPhone
		Release|iPhoneSimulator = Release|iPhoneSimulator
	EndGlobalSection
	GlobalSection(ProjectConfigurationPlatforms) = postSolution
		{6716C033-F9E1-4F46-AA25-EBAE47668E27}.Ad-Hoc|Any CPU.ActiveCfg = Release|Any CPU
		{6716C033-F9E1-4F46-AA25-EBAE47668E27}.Ad-Hoc|Any CPU.Build.0 = Release|Any CPU
		{6716C033-F9E1-4F46-AA25-EBAE47668E27}.Ad-Hoc|Any CPU.Deploy.0 = Release|Any CPU
		{6716C033-F9E1-4F46-AA25-EBAE47668E27}.Ad-Hoc|iPhone.ActiveCfg = Debug|Any CPU
		{6716C033-F9E1-4F46-AA25-EBAE47668E27}.Ad-Hoc|iPhone.Build.0 = Debug|Any CPU
		{6716C033-F9E1-4F46-AA25-EBAE47668E27}.Ad-Hoc|iPhoneSimulator.ActiveCfg = Release|Any CPU
		{6716C033-F9E1-4F46-AA25-EBAE47668E27}.Ad-Hoc|iPhoneSimulator.Build.0 = Release|Any CPU
		{6716C033-F9E1-4F46-AA25-EBAE47668E27}.Ad-Hoc|iPhoneSimulator.Deploy.0 = Release|Any CPU
		{6716C033-F9E1-4F46-AA25-EBAE47668E27}.AppStore|Any CPU.ActiveCfg = Release|Any CPU
		{6716C033-F9E1-4F46-AA25-EBAE47668E27}.AppStore|Any CPU.Build.0 = Release|Any CPU
		{6716C033-F9E1-4F46-AA25-EBAE47668E27}.AppStore|Any CPU.Deploy.0 = Release|Any CPU
		{6716C033-F9E1-4F46-AA25-EBAE47668E27}.AppStore|iPhone.ActiveCfg = Debug|Any CPU
		{6716C033-F9E1-4F46-AA25-EBAE47668E27}.AppStore|iPhone.Build.0 = Debug|Any CPU
		{6716C033-F9E1-4F46-AA25-EBAE47668E27}.AppStore|iPhoneSimulator.ActiveCfg = Release|Any CPU
		{6716C033-F9E1-4F46-AA25-EBAE47668E27}.AppStore|iPhoneSimulator.Build.0 = Release|Any CPU
		{6716C033-F9E1-4F46-AA25-EBAE47668E27}.AppStore|iPhoneSimulator.Deploy.0 = Release|Any CPU
		{6716C033-F9E1-4F46-AA25-EBAE47668E27}.Debug|Any CPU.ActiveCfg = Debug|Any CPU
		{6716C033-F9E1-4F46-AA25-EBAE47668E27}.Debug|Any CPU.Build.0 = Debug|Any CPU
		{6716C033-F9E1-4F46-AA25-EBAE47668E27}.Debug|iPhone.ActiveCfg = Debug|Any CPU
		{6716C033-F9E1-4F46-AA25-EBAE47668E27}.Debug|iPhone.Build.0 = Debug|Any CPU
		{6716C033-F9E1-4F46-AA25-EBAE47668E27}.Debug|iPhoneSimulator.ActiveCfg = Debug|Any CPU
		{6716C033-F9E1-4F46-AA25-EBAE47668E27}.Debug|iPhoneSimulator.Build.0 = Debug|Any CPU
		{6716C033-F9E1-4F46-AA25-EBAE47668E27}.Release|Any CPU.ActiveCfg = Release|Any CPU
		{6716C033-F9E1-4F46-AA25-EBAE47668E27}.Release|Any CPU.Build.0 = Release|Any CPU
		{6716C033-F9E1-4F46-AA25-EBAE47668E27}.Release|iPhone.ActiveCfg = Release|Any CPU
		{6716C033-F9E1-4F46-AA25-EBAE47668E27}.Release|iPhone.Build.0 = Release|Any CPU
		{6716C033-F9E1-4F46-AA25-EBAE47668E27}.Release|iPhoneSimulator.ActiveCfg = Release|Any CPU
		{6716C033-F9E1-4F46-AA25-EBAE47668E27}.Release|iPhoneSimulator.Build.0 = Release|Any CPU
		{5DEBE837-EEFA-4B53-A7C0-9671F15C1CBA}.Ad-Hoc|Any CPU.ActiveCfg = Ad-Hoc|iPhoneSimulator
		{5DEBE837-EEFA-4B53-A7C0-9671F15C1CBA}.Ad-Hoc|iPhone.ActiveCfg = Ad-Hoc|iPhone
		{5DEBE837-EEFA-4B53-A7C0-9671F15C1CBA}.Ad-Hoc|iPhone.Build.0 = Ad-Hoc|iPhone
		{5DEBE837-EEFA-4B53-A7C0-9671F15C1CBA}.Ad-Hoc|iPhoneSimulator.ActiveCfg = Ad-Hoc|iPhoneSimulator
		{5DEBE837-EEFA-4B53-A7C0-9671F15C1CBA}.Ad-Hoc|iPhoneSimulator.Build.0 = Ad-Hoc|iPhoneSimulator
		{5DEBE837-EEFA-4B53-A7C0-9671F15C1CBA}.AppStore|Any CPU.ActiveCfg = AppStore|iPhoneSimulator
		{5DEBE837-EEFA-4B53-A7C0-9671F15C1CBA}.AppStore|iPhone.ActiveCfg = AppStore|iPhone
		{5DEBE837-EEFA-4B53-A7C0-9671F15C1CBA}.AppStore|iPhone.Build.0 = AppStore|iPhone
		{5DEBE837-EEFA-4B53-A7C0-9671F15C1CBA}.AppStore|iPhoneSimulator.ActiveCfg = AppStore|iPhoneSimulator
		{5DEBE837-EEFA-4B53-A7C0-9671F15C1CBA}.AppStore|iPhoneSimulator.Build.0 = AppStore|iPhoneSimulator
		{5DEBE837-EEFA-4B53-A7C0-9671F15C1CBA}.Debug|Any CPU.ActiveCfg = Debug|iPhoneSimulator
		{5DEBE837-EEFA-4B53-A7C0-9671F15C1CBA}.Debug|Any CPU.Build.0 = Debug|iPhoneSimulator
		{5DEBE837-EEFA-4B53-A7C0-9671F15C1CBA}.Debug|iPhone.ActiveCfg = Debug|iPhone
		{5DEBE837-EEFA-4B53-A7C0-9671F15C1CBA}.Debug|iPhone.Build.0 = Debug|iPhone
		{5DEBE837-EEFA-4B53-A7C0-9671F15C1CBA}.Debug|iPhoneSimulator.ActiveCfg = Debug|iPhoneSimulator
		{5DEBE837-EEFA-4B53-A7C0-9671F15C1CBA}.Debug|iPhoneSimulator.Build.0 = Debug|iPhoneSimulator
		{5DEBE837-EEFA-4B53-A7C0-9671F15C1CBA}.Release|Any CPU.ActiveCfg = Release|iPhoneSimulator
		{5DEBE837-EEFA-4B53-A7C0-9671F15C1CBA}.Release|Any CPU.Build.0 = Release|iPhoneSimulator
		{5DEBE837-EEFA-4B53-A7C0-9671F15C1CBA}.Release|iPhone.ActiveCfg = Release|iPhone
		{5DEBE837-EEFA-4B53-A7C0-9671F15C1CBA}.Release|iPhone.Build.0 = Release|iPhone
		{5DEBE837-EEFA-4B53-A7C0-9671F15C1CBA}.Release|iPhoneSimulator.ActiveCfg = Release|iPhoneSimulator
		{5DEBE837-EEFA-4B53-A7C0-9671F15C1CBA}.Release|iPhoneSimulator.Build.0 = Release|iPhoneSimulator
		{7E5C027E-0C83-4109-A4FE-7B546B02BBB6}.Ad-Hoc|Any CPU.ActiveCfg = Release|Any CPU
		{7E5C027E-0C83-4109-A4FE-7B546B02BBB6}.Ad-Hoc|Any CPU.Build.0 = Release|Any CPU
		{7E5C027E-0C83-4109-A4FE-7B546B02BBB6}.Ad-Hoc|iPhone.ActiveCfg = Debug|Any CPU
		{7E5C027E-0C83-4109-A4FE-7B546B02BBB6}.Ad-Hoc|iPhone.Build.0 = Debug|Any CPU
		{7E5C027E-0C83-4109-A4FE-7B546B02BBB6}.Ad-Hoc|iPhoneSimulator.ActiveCfg = Release|Any CPU
		{7E5C027E-0C83-4109-A4FE-7B546B02BBB6}.Ad-Hoc|iPhoneSimulator.Build.0 = Release|Any CPU
		{7E5C027E-0C83-4109-A4FE-7B546B02BBB6}.AppStore|Any CPU.ActiveCfg = Release|Any CPU
		{7E5C027E-0C83-4109-A4FE-7B546B02BBB6}.AppStore|Any CPU.Build.0 = Release|Any CPU
		{7E5C027E-0C83-4109-A4FE-7B546B02BBB6}.AppStore|iPhone.ActiveCfg = Debug|Any CPU
		{7E5C027E-0C83-4109-A4FE-7B546B02BBB6}.AppStore|iPhone.Build.0 = Debug|Any CPU
		{7E5C027E-0C83-4109-A4FE-7B546B02BBB6}.AppStore|iPhoneSimulator.ActiveCfg = Release|Any CPU
		{7E5C027E-0C83-4109-A4FE-7B546B02BBB6}.AppStore|iPhoneSimulator.Build.0 = Release|Any CPU
		{7E5C027E-0C83-4109-A4FE-7B546B02BBB6}.Debug|Any CPU.ActiveCfg = Debug|Any CPU
		{7E5C027E-0C83-4109-A4FE-7B546B02BBB6}.Debug|Any CPU.Build.0 = Debug|Any CPU
		{7E5C027E-0C83-4109-A4FE-7B546B02BBB6}.Debug|iPhone.ActiveCfg = Debug|Any CPU
		{7E5C027E-0C83-4109-A4FE-7B546B02BBB6}.Debug|iPhone.Build.0 = Debug|Any CPU
		{7E5C027E-0C83-4109-A4FE-7B546B02BBB6}.Debug|iPhoneSimulator.ActiveCfg = Debug|Any CPU
		{7E5C027E-0C83-4109-A4FE-7B546B02BBB6}.Debug|iPhoneSimulator.Build.0 = Debug|Any CPU
		{7E5C027E-0C83-4109-A4FE-7B546B02BBB6}.Release|Any CPU.ActiveCfg = Release|Any CPU
		{7E5C027E-0C83-4109-A4FE-7B546B02BBB6}.Release|Any CPU.Build.0 = Release|Any CPU
		{7E5C027E-0C83-4109-A4FE-7B546B02BBB6}.Release|iPhone.ActiveCfg = Release|Any CPU
		{7E5C027E-0C83-4109-A4FE-7B546B02BBB6}.Release|iPhone.Build.0 = Release|Any CPU
		{7E5C027E-0C83-4109-A4FE-7B546B02BBB6}.Release|iPhoneSimulator.ActiveCfg = Release|Any CPU
		{7E5C027E-0C83-4109-A4FE-7B546B02BBB6}.Release|iPhoneSimulator.Build.0 = Release|Any CPU
	EndGlobalSection
	GlobalSection(SolutionProperties) = preSolution
		HideSolutionNode = FALSE
	EndGlobalSection
	GlobalSection(ExtensibilityGlobals) = postSolution
		SolutionGuid = {6125FFD4-C1AC-4C2D-BBF3-10F96964CF0F}
	EndGlobalSection
EndGlobal
